
Microsoft Visual Studio Solution File, Format Version 12.00
# Visual Studio Version 17
VisualStudioVersion = 17.1.32210.238
MinimumVisualStudioVersion = 10.0.40219.1
Project("{9A19103F-16F7-4668-BE54-9A1E7A4F7556}") = "Launcher", "Launcher\Launcher.csproj", "{7041A1AC-495E-4BCF-83D6-D3D3F4A309C6}"
EndProject
Project("{54435603-DBB4-11D2-8724-00A0C9A8B90C}") = "Launcher Setup", "Launcher Setup\Launcher Setup.vdproj", "{AB50BE1F-7E1E-4068-935E-551AD4FDFC68}"
EndProject
Global
	GlobalSection(SolutionConfigurationPlatforms) = preSolution
		Debug|Any CPU = Debug|Any CPU
		Release|Any CPU = Release|Any CPU
	EndGlobalSection
	GlobalSection(ProjectConfigurationPlatforms) = postSolution
		{7041A1AC-495E-4BCF-83D6-D3D3F4A309C6}.Debug|Any CPU.ActiveCfg = Debug|Any CPU
		{7041A1AC-495E-4BCF-83D6-D3D3F4A309C6}.Debug|Any CPU.Build.0 = Debug|Any CPU
		{7041A1AC-495E-4BCF-83D6-D3D3F4A309C6}.Release|Any CPU.ActiveCfg = Release|Any CPU
		{7041A1AC-495E-4BCF-83D6-D3D3F4A309C6}.Release|Any CPU.Build.0 = Release|Any CPU
		{AB50BE1F-7E1E-4068-935E-551AD4FDFC68}.Debug|Any CPU.ActiveCfg = Debug
		{AB50BE1F-7E1E-4068-935E-551AD4FDFC68}.Release|Any CPU.ActiveCfg = Release
	EndGlobalSection
	GlobalSection(SolutionProperties) = preSolution
		HideSolutionNode = FALSE
	EndGlobalSection
	GlobalSection(ExtensibilityGlobals) = postSolution
		SolutionGuid = {040995A4-EE4B-44BA-A85B-67BBB2406B91}
	EndGlobalSection
EndGlobal
